// !$*UTF8*$!
{
	archiveVersion = 1;
	classes = {};
	objectVersion = 56;
	objects = {

/* Begin PBXBuildFile section */
		A10000000000000000000001 /* main.m in Sources */ = {isa = PBXBuildFile; fileRef = A20000000000000000000001 /* main.m */; };
		A10000000000000000000002 /* ArguiWidgetGallery.xcframework in Frameworks */ = {isa = PBXBuildFile; fileRef = A20000000000000000000003 /* ArguiWidgetGallery.xcframework */; };
		A10000000000000000000003 /* Assets.xcassets in Resources */ = {isa = PBXBuildFile; fileRef = A20000000000000000000005 /* Assets.xcassets */; };
		A10000000000000000000004 /* ArguiActivityBridge.swift in Sources */ = {isa = PBXBuildFile; fileRef = A20000000000000000000006 /* ArguiActivityBridge.swift */; };
		A10000000000000000000005 /* ArguiActivityAttributes.swift in Sources */ = {isa = PBXBuildFile; fileRef = A20000000000000000000007 /* ArguiActivityAttributes.swift */; };
		A10000000000000000000006 /* ArguiActivityWidget.swift in Sources */ = {isa = PBXBuildFile; fileRef = A20000000000000000000008 /* ArguiActivityWidget.swift */; };
		A10000000000000000000007 /* ArguiActivityAttributes.swift in Sources */ = {isa = PBXBuildFile; fileRef = A20000000000000000000007 /* ArguiActivityAttributes.swift */; };
		A10000000000000000000008 /* ArguiActivityWidgetExtension.appex in Embed App Extensions */ = {isa = PBXBuildFile; fileRef = A20000000000000000000010 /* ArguiActivityWidgetExtension.appex */; settings = {ATTRIBUTES = (CodeSignOnCopy, RemoveHeadersOnCopy, ); }; };
/* End PBXBuildFile section */

/* Begin PBXFileReference section */
		A20000000000000000000001 /* main.m */ = {isa = PBXFileReference; lastKnownFileType = sourcecode.c.objc; path = main.m; sourceTree = "<group>"; };
		A20000000000000000000002 /* Info.plist */ = {isa = PBXFileReference; lastKnownFileType = text.plist.xml; path = Info.plist; sourceTree = "<group>"; };
		A20000000000000000000003 /* ArguiWidgetGallery.xcframework */ = {isa = PBXFileReference; lastKnownFileType = wrapper.xcframework; path = build/ArguiWidgetGallery.xcframework; sourceTree = "<group>"; };
		A20000000000000000000004 /* ArguiWidgetGallery.app */ = {isa = PBXFileReference; explicitFileType = wrapper.application; includeInIndex = 0; path = ArguiWidgetGallery.app; sourceTree = BUILT_PRODUCTS_DIR; };
		A20000000000000000000005 /* Assets.xcassets */ = {isa = PBXFileReference; lastKnownFileType = folder.assetcatalog; path = Assets.xcassets; sourceTree = "<group>"; };
		A20000000000000000000006 /* ArguiActivityBridge.swift */ = {isa = PBXFileReference; lastKnownFileType = sourcecode.swift; path = ../../crates/argui-ios/swift/activity-kit/app/ArguiActivityBridge.swift; sourceTree = SOURCE_ROOT; };
		A20000000000000000000007 /* ArguiActivityAttributes.swift */ = {isa = PBXFileReference; lastKnownFileType = sourcecode.swift; path = ../../crates/argui-ios/swift/activity-kit/shared/ArguiActivityAttributes.swift; sourceTree = SOURCE_ROOT; };
		A20000000000000000000008 /* ArguiActivityWidget.swift */ = {isa = PBXFileReference; lastKnownFileType = sourcecode.swift; path = ../../crates/argui-ios/swift/activity-kit/extension/ArguiActivityWidget.swift; sourceTree = SOURCE_ROOT; };
		A20000000000000000000011 /* ActivityExtension-Info.plist */ = {isa = PBXFileReference; lastKnownFileType = text.plist.xml; path = ActivityExtension-Info.plist; sourceTree = "<group>"; };
		A20000000000000000000010 /* ArguiActivityWidgetExtension.appex */ = {isa = PBXFileReference; explicitFileType = "wrapper.app-extension"; includeInIndex = 0; path = ArguiActivityWidgetExtension.appex; sourceTree = BUILT_PRODUCTS_DIR; };
/* End PBXFileReference section */

/* Begin PBXFrameworksBuildPhase section */
		A30000000000000000000001 /* Frameworks */ = {
			isa = PBXFrameworksBuildPhase;
			buildActionMask = 2147483647;
			files = (
				A10000000000000000000002 /* ArguiWidgetGallery.xcframework in Frameworks */,
			);
			runOnlyForDeploymentPostprocessing = 0;
		};
		A30000000000000000000004 /* ArguiActivityWidgetExtension Frameworks */ = {
			isa = PBXFrameworksBuildPhase;
			buildActionMask = 2147483647;
			files = ();
			runOnlyForDeploymentPostprocessing = 0;
		};
/* End PBXFrameworksBuildPhase section */

/* Begin PBXGroup section */
		A40000000000000000000001 = {
			isa = PBXGroup;
			children = (
				A40000000000000000000002 /* Sources */,
				A40000000000000000000004 /* Activity Extension Sources */,
				A20000000000000000000011 /* ActivityExtension-Info.plist */,
				A20000000000000000000002 /* Info.plist */,
				A20000000000000000000005 /* Assets.xcassets */,
				A20000000000000000000003 /* ArguiWidgetGallery.xcframework */,
				A40000000000000000000003 /* Products */,
			);
			sourceTree = "<group>";
		};
		A40000000000000000000002 /* Sources */ = {
			isa = PBXGroup;
			children = (
				A20000000000000000000001 /* main.m */,
				A20000000000000000000006 /* ArguiActivityBridge.swift */,
				A20000000000000000000007 /* ArguiActivityAttributes.swift */,
			);
			path = Sources;
			sourceTree = "<group>";
		};
		A40000000000000000000004 /* Activity Extension Sources */ = {
			isa = PBXGroup;
			children = (A20000000000000000000008 /* ArguiActivityWidget.swift */, );
			name = "Activity Extension Sources";
			sourceTree = "<group>";
		};
		A40000000000000000000003 /* Products */ = {
			isa = PBXGroup;
			children = (
				A20000000000000000000004 /* ArguiWidgetGallery.app */,
				A20000000000000000000010 /* ArguiActivityWidgetExtension.appex */,
			);
			name = Products;
			sourceTree = "<group>";
		};
/* End PBXGroup section */

/* Begin PBXNativeTarget section */
		A50000000000000000000001 /* ArguiWidgetGallery */ = {
			isa = PBXNativeTarget;
			buildConfigurationList = A90000000000000000000002 /* Build configuration list for PBXNativeTarget "ArguiWidgetGallery" */;
			buildPhases = (
				A30000000000000000000002 /* Sources */,
				A30000000000000000000001 /* Frameworks */,
				A30000000000000000000003 /* Resources */,
				A30000000000000000000006 /* Embed App Extensions */,
			);
			buildRules = ();
			dependencies = (A80000000000000000000002 /* PBXTargetDependency */, );
			name = ArguiWidgetGallery;
			productName = ArguiWidgetGallery;
			productReference = A20000000000000000000004 /* ArguiWidgetGallery.app */;
			productType = "com.apple.product-type.application";
		};
		A50000000000000000000002 /* ArguiActivityWidgetExtension */ = {
			isa = PBXNativeTarget;
			buildConfigurationList = A90000000000000000000003 /* Build configuration list for PBXNativeTarget "ArguiActivityWidgetExtension" */;
			buildPhases = (
				A30000000000000000000005 /* ArguiActivityWidgetExtension Sources */,
				A30000000000000000000004 /* ArguiActivityWidgetExtension Frameworks */,
			);
			buildRules = ();
			dependencies = ();
			name = ArguiActivityWidgetExtension;
			productName = ArguiActivityWidgetExtension;
			productReference = A20000000000000000000010 /* ArguiActivityWidgetExtension.appex */;
			productType = "com.apple.product-type.app-extension";
		};
/* End PBXNativeTarget section */

/* Begin PBXProject section */
		A60000000000000000000001 /* Project object */ = {
			isa = PBXProject;
			attributes = {
				BuildIndependentTargetsInParallel = 1;
				LastUpgradeCheck = 1600;
		};
			buildConfigurationList = A90000000000000000000001 /* Build configuration list for PBXProject "ArguiWidgetGallery" */;
			compatibilityVersion = "Xcode 14.0";
			developmentRegion = en;
			hasScannedForEncodings = 0;
			knownRegions = (en, Base, );
			mainGroup = A40000000000000000000001;
			productRefGroup = A40000000000000000000003 /* Products */;
			projectDirPath = "";
			targets = (
				A50000000000000000000001 /* ArguiWidgetGallery */,
				A50000000000000000000002 /* ArguiActivityWidgetExtension */,
			);
		};
/* End PBXProject section */

/* Begin PBXContainerItemProxy section */
		A80000000000000000000001 /* PBXContainerItemProxy */ = {
			isa = PBXContainerItemProxy;
			containerPortal = A60000000000000000000001 /* Project object */;
			proxyType = 1;
			remoteGlobalIDString = A50000000000000000000002;
			remoteInfo = ArguiActivityWidgetExtension;
		};
/* End PBXContainerItemProxy section */

/* Begin PBXTargetDependency section */
		A80000000000000000000002 /* PBXTargetDependency */ = {
			isa = PBXTargetDependency;
			target = A50000000000000000000002 /* ArguiActivityWidgetExtension */;
			targetProxy = A80000000000000000000001 /* PBXContainerItemProxy */;
		};
/* End PBXTargetDependency section */

/* Begin PBXResourcesBuildPhase section */
		A30000000000000000000003 /* Resources */ = {
			isa = PBXResourcesBuildPhase;
			buildActionMask = 2147483647;
			files = (A10000000000000000000003 /* Assets.xcassets in Resources */, );
			runOnlyForDeploymentPostprocessing = 0;
		};
/* End PBXResourcesBuildPhase section */

/* Begin PBXSourcesBuildPhase section */
		A30000000000000000000002 /* Sources */ = {
			isa = PBXSourcesBuildPhase;
			buildActionMask = 2147483647;
			files = (
				A10000000000000000000001 /* main.m in Sources */,
				A10000000000000000000004 /* ArguiActivityBridge.swift in Sources */,
				A10000000000000000000005 /* ArguiActivityAttributes.swift in Sources */,
			);
			runOnlyForDeploymentPostprocessing = 0;
		};
		A30000000000000000000005 /* ArguiActivityWidgetExtension Sources */ = {
			isa = PBXSourcesBuildPhase;
			buildActionMask = 2147483647;
			files = (
				A10000000000000000000006 /* ArguiActivityWidget.swift in Sources */,
				A10000000000000000000007 /* ArguiActivityAttributes.swift in Sources */,
			);
			runOnlyForDeploymentPostprocessing = 0;
		};
/* End PBXSourcesBuildPhase section */

/* Begin PBXCopyFilesBuildPhase section */
		A30000000000000000000006 /* Embed App Extensions */ = {
			isa = PBXCopyFilesBuildPhase;
			buildActionMask = 2147483647;
			dstPath = "";
			dstSubfolderSpec = 13;
			files = (A10000000000000000000008 /* ArguiActivityWidgetExtension.appex in Embed App Extensions */, );
			name = "Embed App Extensions";
			runOnlyForDeploymentPostprocessing = 0;
		};
/* End PBXCopyFilesBuildPhase section */

/* Begin XCBuildConfiguration section */
		A70000000000000000000001 /* Debug project */ = {
			isa = XCBuildConfiguration;
			buildSettings = {
				ALWAYS_SEARCH_USER_PATHS = NO;
				CLANG_ENABLE_MODULES = YES;
				IPHONEOS_DEPLOYMENT_TARGET = 15.0;
				SDKROOT = iphoneos;
			};
			name = Debug;
		};
		A70000000000000000000002 /* Release project */ = {
			isa = XCBuildConfiguration;
			buildSettings = {
				ALWAYS_SEARCH_USER_PATHS = NO;
				CLANG_ENABLE_MODULES = YES;
				IPHONEOS_DEPLOYMENT_TARGET = 15.0;
				SDKROOT = iphoneos;
			};
			name = Release;
		};
		A70000000000000000000003 /* Debug target */ = {
			isa = XCBuildConfiguration;
			buildSettings = {
				ASSETCATALOG_COMPILER_APPICON_NAME = AppIcon;
				GENERATE_INFOPLIST_FILE = NO;
				HEADER_SEARCH_PATHS = "$(inherited) $(SRCROOT)/include";
				INFOPLIST_FILE = Info.plist;
				LD_RUNPATH_SEARCH_PATHS = "$(inherited) @executable_path/Frameworks";
				OTHER_LDFLAGS = (
					"$(inherited)",
					"-framework", UIKit,
					"-framework", Foundation,
					"-framework", Metal,
					"-framework", MetalKit,
					"-framework", QuartzCore,
					"-framework", CoreFoundation,
					"-framework", CoreGraphics,
					"-framework", CoreText,
					"-framework", CoreVideo,
					"-framework", IOSurface,
					"-framework", IOKit,
					"-framework", GameController,
					"-framework", Security,
					"-framework", AudioToolbox,
					"-lc++",
				);
				PRODUCT_BUNDLE_IDENTIFIER = dev.argui.widgetgallery;
				PRODUCT_NAME = ArguiWidgetGallery;
				ALWAYS_EMBED_SWIFT_STANDARD_LIBRARIES = YES;
				SWIFT_VERSION = 5.0;
				SUPPORTED_PLATFORMS = "iphoneos iphonesimulator";
				TARGETED_DEVICE_FAMILY = "1,2";
			};
			name = Debug;
		};
		A70000000000000000000004 /* Release target */ = {
			isa = XCBuildConfiguration;
			buildSettings = {
				ASSETCATALOG_COMPILER_APPICON_NAME = AppIcon;
				GENERATE_INFOPLIST_FILE = NO;
				HEADER_SEARCH_PATHS = "$(inherited) $(SRCROOT)/include";
				INFOPLIST_FILE = Info.plist;
				LD_RUNPATH_SEARCH_PATHS = "$(inherited) @executable_path/Frameworks";
				OTHER_LDFLAGS = (
					"$(inherited)",
					"-framework", UIKit,
					"-framework", Foundation,
					"-framework", Metal,
					"-framework", MetalKit,
					"-framework", QuartzCore,
					"-framework", CoreFoundation,
					"-framework", CoreGraphics,
					"-framework", CoreText,
					"-framework", CoreVideo,
					"-framework", IOSurface,
					"-framework", IOKit,
					"-framework", GameController,
					"-framework", Security,
					"-framework", AudioToolbox,
					"-lc++",
				);
				PRODUCT_BUNDLE_IDENTIFIER = dev.argui.widgetgallery;
				PRODUCT_NAME = ArguiWidgetGallery;
				ALWAYS_EMBED_SWIFT_STANDARD_LIBRARIES = YES;
				SWIFT_VERSION = 5.0;
				SUPPORTED_PLATFORMS = "iphoneos iphonesimulator";
				TARGETED_DEVICE_FAMILY = "1,2";
			};
			name = Release;
		};
		A70000000000000000000005 /* Debug activity extension */ = {
			isa = XCBuildConfiguration;
			buildSettings = {
				APPLICATION_EXTENSION_API_ONLY = YES;
				GENERATE_INFOPLIST_FILE = NO;
				INFOPLIST_FILE = ActivityExtension-Info.plist;
				IPHONEOS_DEPLOYMENT_TARGET = 16.1;
				PRODUCT_BUNDLE_IDENTIFIER = dev.argui.widgetgallery.activitywidget;
				PRODUCT_NAME = "$(TARGET_NAME)";
				SDKROOT = iphoneos;
				SKIP_INSTALL = YES;
				SUPPORTED_PLATFORMS = "iphoneos iphonesimulator";
				SWIFT_VERSION = 5.0;
				TARGETED_DEVICE_FAMILY = "1,2";
			};
			name = Debug;
		};
		A70000000000000000000006 /* Release activity extension */ = {
			isa = XCBuildConfiguration;
			buildSettings = {
				APPLICATION_EXTENSION_API_ONLY = YES;
				GENERATE_INFOPLIST_FILE = NO;
				INFOPLIST_FILE = ActivityExtension-Info.plist;
				IPHONEOS_DEPLOYMENT_TARGET = 16.1;
				PRODUCT_BUNDLE_IDENTIFIER = dev.argui.widgetgallery.activitywidget;
				PRODUCT_NAME = "$(TARGET_NAME)";
				SDKROOT = iphoneos;
				SKIP_INSTALL = YES;
				SUPPORTED_PLATFORMS = "iphoneos iphonesimulator";
				SWIFT_VERSION = 5.0;
				TARGETED_DEVICE_FAMILY = "1,2";
			};
			name = Release;
		};
/* End XCBuildConfiguration section */

/* Begin XCConfigurationList section */
		A90000000000000000000001 /* Build configuration list for PBXProject */ = {
			isa = XCConfigurationList;
			buildConfigurations = (
				A70000000000000000000001 /* Debug project */,
				A70000000000000000000002 /* Release project */,);
			defaultConfigurationIsVisible = 0;
			defaultConfigurationName = Release;
		};
		A90000000000000000000002 /* Build configuration list for PBXNativeTarget */ = {
			isa = XCConfigurationList;
			buildConfigurations = (
				A70000000000000000000003 /* Debug target */,
				A70000000000000000000004 /* Release target */,);
			defaultConfigurationIsVisible = 0;
			defaultConfigurationName = Release;
		};
		A90000000000000000000003 /* Build configuration list for activity extension */ = {
			isa = XCConfigurationList;
			buildConfigurations = (
				A70000000000000000000005 /* Debug activity extension */,
				A70000000000000000000006 /* Release activity extension */,);
			defaultConfigurationIsVisible = 0;
			defaultConfigurationName = Release;
		};
/* End XCConfigurationList section */
	};
	rootObject = A60000000000000000000001 /* Project object */;
}
